
Microsoft Visual Studio Solution File, Format Version 10.00
# Visual C# Express 2008
Project("{FAE04EC0-301F-11D3-BF4B-00C04F79EFBC}") = "Game1", "Game1.csproj", "{E63D387F-5E3F-4267-9E15-BCF77983673F}"
EndProject
Global
	GlobalSection(SolutionConfigurationPlatforms) = preSolution
		Debug|Any CPU = Debug|Any CPU
		Release|Any CPU = Release|Any CPU
	EndGlobalSection
	GlobalSection(ProjectConfigurationPlatforms) = postSolution
		{E63D387F-5E3F-4267-9E15-BCF77983673F}.Debug|Any CPU.ActiveCfg = Debug|Any CPU
		{E63D387F-5E3F-4267-9E15-BCF77983673F}.Debug|Any CPU.Build.0 = Debug|Any CPU
		{E63D387F-5E3F-4267-9E15-BCF77983673F}.Release|Any CPU.ActiveCfg = Release|Any CPU
		{E63D387F-5E3F-4267-9E15-BCF77983673F}.Release|Any CPU.Build.0 = Release|Any CPU
	EndGlobalSection
	GlobalSection(SolutionProperties) = preSolution
		HideSolutionNode = FALSE
	EndGlobalSection
EndGlobal
